<?xml version="1.0" encoding="utf-8"?>
<Project ToolsVersion="4.0" xmlns="http://schemas.microsoft.com/developer/msbuild/2003">
  <ItemGroup>
    <ClCompile Include="District.cpp" />
    <ClCompile Include="GameSession.cpp" />
    <ClCompile Include="main.cpp" />
    <ClCompile Include="Map.cpp" />
    <ClCompile Include="Player.cpp" />
    <ClCompile Include="Tile.cpp" />
    <ClCompile Include="TileGround.cpp" />
    <ClCompile Include="TileMountain.cpp" />
    <ClCompile Include="TileWater.cpp" />
    <ClCompile Include="Unit.cpp" />
    <ClCompile Include="WorldState.cpp" />
  </ItemGroup>
  <ItemGroup>
    <ClInclude Include="District.h" />
    <ClInclude Include="GameSession.h" />
    <ClInclude Include="Map.h" />
    <ClInclude Include="Player.h" />
    <ClInclude Include="Tile.h" />
    <ClInclude Include="TileGround.h" />
    <ClInclude Include="TileMountain.h" />
    <ClInclude Include="TileWater.h" />
    <ClInclude Include="Unit.h" />
    <ClInclude Include="WorldState.h" />
  </ItemGroup>
</Project>